
Microsoft Visual Studio Solution File, Format Version 12.00
# Visual Studio Version 17
VisualStudioVersion = 17.5.002.0
MinimumVisualStudioVersion = 10.0.40219.1
Project("{9A19103F-16F7-4668-BE54-9A1E7A4F7556}") = "Rooms.Api", "Rooms.Api\Rooms.Api.csproj", "{EA4A54EB-F560-498E-AE2F-2104B1B3175D}"
EndProject
Project("{9A19103F-16F7-4668-BE54-9A1E7A4F7556}") = "Rooms.App", "Rooms.App\Rooms.App.csproj", "{4E2C6100-C987-4DEF-B22B-7F241A5640E3}"
EndProject
Project("{9A19103F-16F7-4668-BE54-9A1E7A4F7556}") = "Rooms.Domain", "Rooms.Domain\Rooms.Domain.csproj", "{5B8A9DF1-4E73-4E18-9AF9-5669918903FC}"
EndProject
Project("{9A19103F-16F7-4668-BE54-9A1E7A4F7556}") = "Rooms.Infra", "Rooms.Infra\Rooms.Infra.csproj", "{81C56D2D-CA32-4562-8853-AECB1DC10F36}"
EndProject
Project("{9A19103F-16F7-4668-BE54-9A1E7A4F7556}") = "Rooms.Shared", "Rooms.Shared\Rooms.Shared.csproj", "{B91F57F3-CE08-4118-A57F-2E43BBE242E2}"
EndProject
Global
	GlobalSection(SolutionConfigurationPlatforms) = preSolution
		Debug|Any CPU = Debug|Any CPU
		Release|Any CPU = Release|Any CPU
	EndGlobalSection
	GlobalSection(ProjectConfigurationPlatforms) = postSolution
		{EA4A54EB-F560-498E-AE2F-2104B1B3175D}.Debug|Any CPU.ActiveCfg = Debug|Any CPU
		{EA4A54EB-F560-498E-AE2F-2104B1B3175D}.Debug|Any CPU.Build.0 = Debug|Any CPU
		{EA4A54EB-F560-498E-AE2F-2104B1B3175D}.Release|Any CPU.ActiveCfg = Release|Any CPU
		{EA4A54EB-F560-498E-AE2F-2104B1B3175D}.Release|Any CPU.Build.0 = Release|Any CPU
		{4E2C6100-C987-4DEF-B22B-7F241A5640E3}.Debug|Any CPU.ActiveCfg = Debug|Any CPU
		{4E2C6100-C987-4DEF-B22B-7F241A5640E3}.Debug|Any CPU.Build.0 = Debug|Any CPU
		{4E2C6100-C987-4DEF-B22B-7F241A5640E3}.Release|Any CPU.ActiveCfg = Release|Any CPU
		{4E2C6100-C987-4DEF-B22B-7F241A5640E3}.Release|Any CPU.Build.0 = Release|Any CPU
		{5B8A9DF1-4E73-4E18-9AF9-5669918903FC}.Debug|Any CPU.ActiveCfg = Debug|Any CPU
		{5B8A9DF1-4E73-4E18-9AF9-5669918903FC}.Debug|Any CPU.Build.0 = Debug|Any CPU
		{5B8A9DF1-4E73-4E18-9AF9-5669918903FC}.Release|Any CPU.ActiveCfg = Release|Any CPU
		{5B8A9DF1-4E73-4E18-9AF9-5669918903FC}.Release|Any CPU.Build.0 = Release|Any CPU
		{81C56D2D-CA32-4562-8853-AECB1DC10F36}.Debug|Any CPU.ActiveCfg = Debug|Any CPU
		{81C56D2D-CA32-4562-8853-AECB1DC10F36}.Debug|Any CPU.Build.0 = Debug|Any CPU
		{81C56D2D-CA32-4562-8853-AECB1DC10F36}.Release|Any CPU.ActiveCfg = Release|Any CPU
		{81C56D2D-CA32-4562-8853-AECB1DC10F36}.Release|Any CPU.Build.0 = Release|Any CPU
		{B91F57F3-CE08-4118-A57F-2E43BBE242E2}.Debug|Any CPU.ActiveCfg = Debug|Any CPU
		{B91F57F3-CE08-4118-A57F-2E43BBE242E2}.Debug|Any CPU.Build.0 = Debug|Any CPU
		{B91F57F3-CE08-4118-A57F-2E43BBE242E2}.Release|Any CPU.ActiveCfg = Release|Any CPU
		{B91F57F3-CE08-4118-A57F-2E43BBE242E2}.Release|Any CPU.Build.0 = Release|Any CPU
	EndGlobalSection
	GlobalSection(SolutionProperties) = preSolution
		HideSolutionNode = FALSE
	EndGlobalSection
	GlobalSection(ExtensibilityGlobals) = postSolution
		SolutionGuid = {F9428A37-1B39-45C6-A7C2-830BDC409DCF}
	EndGlobalSection
EndGlobal
